
Microsoft Visual Studio Solution File, Format Version 12.00
# Visual Studio Version 17
VisualStudioVersion = 17.7.34003.232
MinimumVisualStudioVersion = 10.0.40219.1
Project("{FAE04EC0-301F-11D3-BF4B-00C04F79EFBC}") = "BlazorAppCqrsMediator", "BlazorAppCqrsMediator\BlazorAppCqrsMediator.csproj", "{2EF11842-D91E-4B66-86F0-751022684667}"
EndProject
Project("{FAE04EC0-301F-11D3-BF4B-00C04F79EFBC}") = "DemoLibrary", "DemoLibrary\DemoLibrary.csproj", "{8B6E5976-1516-4138-90FB-580E214F0D84}"
EndProject
Global
	GlobalSection(SolutionConfigurationPlatforms) = preSolution
		Debug|Any CPU = Debug|Any CPU
		Release|Any CPU = Release|Any CPU
	EndGlobalSection
	GlobalSection(ProjectConfigurationPlatforms) = postSolution
		{2EF11842-D91E-4B66-86F0-751022684667}.Debug|Any CPU.ActiveCfg = Debug|Any CPU
		{2EF11842-D91E-4B66-86F0-751022684667}.Debug|Any CPU.Build.0 = Debug|Any CPU
		{2EF11842-D91E-4B66-86F0-751022684667}.Release|Any CPU.ActiveCfg = Release|Any CPU
		{2EF11842-D91E-4B66-86F0-751022684667}.Release|Any CPU.Build.0 = Release|Any CPU
		{8B6E5976-1516-4138-90FB-580E214F0D84}.Debug|Any CPU.ActiveCfg = Debug|Any CPU
		{8B6E5976-1516-4138-90FB-580E214F0D84}.Debug|Any CPU.Build.0 = Debug|Any CPU
		{8B6E5976-1516-4138-90FB-580E214F0D84}.Release|Any CPU.ActiveCfg = Release|Any CPU
		{8B6E5976-1516-4138-90FB-580E214F0D84}.Release|Any CPU.Build.0 = Release|Any CPU
	EndGlobalSection
	GlobalSection(SolutionProperties) = preSolution
		HideSolutionNode = FALSE
	EndGlobalSection
	GlobalSection(ExtensibilityGlobals) = postSolution
		SolutionGuid = {278E7753-7FA1-4946-A390-C929314EA320}
	EndGlobalSection
EndGlobal
